
Microsoft Visual Studio Solution File, Format Version 12.00
# Visual Studio 2012
Project("{FAE04EC0-301F-11D3-BF4B-00C04F79EFBC}") = "SignalRDemo", "SignalRDemo\SignalRDemo.csproj", "{38ABFA80-9740-4F84-868C-DEBC6B7D6445}"
EndProject
Project("{FAE04EC0-301F-11D3-BF4B-00C04F79EFBC}") = "ConsoleClient", "ConsoleClient\ConsoleClient.csproj", "{ADB1EA95-8981-41E9-9D4F-ABD5E8174406}"
EndProject
Global
	GlobalSection(SolutionConfigurationPlatforms) = preSolution
		Debug|Any CPU = Debug|Any CPU
		Release|Any CPU = Release|Any CPU
	EndGlobalSection
	GlobalSection(ProjectConfigurationPlatforms) = postSolution
		{38ABFA80-9740-4F84-868C-DEBC6B7D6445}.Debug|Any CPU.ActiveCfg = Debug|Any CPU
		{38ABFA80-9740-4F84-868C-DEBC6B7D6445}.Debug|Any CPU.Build.0 = Debug|Any CPU
		{38ABFA80-9740-4F84-868C-DEBC6B7D6445}.Release|Any CPU.ActiveCfg = Release|Any CPU
		{38ABFA80-9740-4F84-868C-DEBC6B7D6445}.Release|Any CPU.Build.0 = Release|Any CPU
		{ADB1EA95-8981-41E9-9D4F-ABD5E8174406}.Debug|Any CPU.ActiveCfg = Debug|Any CPU
		{ADB1EA95-8981-41E9-9D4F-ABD5E8174406}.Debug|Any CPU.Build.0 = Debug|Any CPU
		{ADB1EA95-8981-41E9-9D4F-ABD5E8174406}.Release|Any CPU.ActiveCfg = Release|Any CPU
		{ADB1EA95-8981-41E9-9D4F-ABD5E8174406}.Release|Any CPU.Build.0 = Release|Any CPU
	EndGlobalSection
	GlobalSection(SolutionProperties) = preSolution
		HideSolutionNode = FALSE
	EndGlobalSection
EndGlobal
